github.com/golang/protobuf v1.3.1 h1:YF8+flBXS5eO826T4nzqPrxfhQThhXl0YzfuUPu4SBg=
github.com/golang/protobuf v1.3.1/go.mod h1:6lQm79b+lXiMfvg/cZm0SGofjICqVBUtrP5yJMmIC1U=
github.com/gorilla/context v1.1.1/go.mod h1:kBGZzfjB9CEq2AlWe17Uuf7NDRt0dE0s8S51q0aT7Yg=
github.com/gorilla/context v1.1.2-0.20181012153548-51ce91d2eadd h1:vA7UsYUp6kOBvusj1wpgC0VHcUs8svJHv39AQnK8biA=
github.com/gorilla/context v1.1.2-0.20181012153548-51ce91d2eadd/go.mod h1:kBGZzfjB9CEq2AlWe17Uuf7NDRt0dE0s8S51q0aT7Yg=
github.com/gorilla/securecookie v1.1.1/go.mod h1:ra0sb63/xPlUeL+yeDciTfxMRAA+MP+HVt/4epWDjd4=
github.com/gorilla/securecookie v1.1.2-0.20181010174647-e65cf8c5df81 h1:P61QOwk47NPUmB1GnO0LxMWGyiDlYUTCrLGkNK7oA40=
github.com/gorilla/securecookie v1.1.2-0.20181010174647-e65cf8c5df81/go.mod h1:ra0sb63/xPlUeL+yeDciTfxMRAA+MP+HVt/4epWDjd4=
github.com/gorilla/sessions v1.1.4-0.20181015005113-68d1edeb366b h1:f7hwT2OyqHpOYXLrYcIU++OAWPdJQV36OS05+q+TN/g=
github.com/gorilla/sessions v1.1.4-0.20181015005113-68d1edeb366b/go.mod h1:Ieo8HYsV0qN9WIJeic1HRzDxX9UY5BkplHncRmmZPwU=
github.com/gorilla/websocket v1.4.1-0.20181206070239-95ba29eb981b h1:iJ/E8JhWXX4SFiO262uaUow6La0iNf/50wQ1fdPNEDQ=
github.com/gorilla/websocket v1.4.1-0.20181206070239-95ba29eb981b/go.mod h1:E7qHFY5m1UJ88s3WnNqhKjPHQ0heANvMoAMk2YaljkQ=
github.com/lib/pq v1.0.1-0.20181016162627-9eb73efc1fcc h1:9GUJohDyEsZO3cDfQuSxTf38xvk+gRWe+fDv3L9oWHA=
github.com/lib/pq v1.0.1-0.20181016162627-9eb73efc1fcc/go.mod h1:5WUZQaWbwv1U+lTReE5YruASi9Al49XbQIvNi/34Woo=
github.com/zmb3/spotify v0.0.0-20180925143944-a4bd83f60e06 h1:TcLBlInEqIrXAISLEaTF1jwHsRH7GBIMADkYYyqxzf8=
github.com/zmb3/spotify v0.0.0-20180925143944-a4bd83f60e06/go.mod h1:pHsWAmY9PfX7i/uwPZkmWrebc8JbK8FppKbvyevwzSU=
golang.org/x/crypto v0.0.0-20190308221718-c2843e01d9a2 h1:VklqNMn3ovrHsnt90PveolxSbWFaJdECFbxSq0Mqo2M=
golang.org/x/crypto v0.0.0-20190308221718-c2843e01d9a2/go.mod h1:djNgcEr1/C05ACkg1iLfiJU5Ep61QUkGW8qpdssI0+w=
golang.org/x/net v0.0.0-20190603091049-60506f45cf65 h1:+rhAzEzT3f4JtomfC371qB+0Ola2caSKcY69NUBZrRQ=
golang.org/x/net v0.0.0-20190603091049-60506f45cf65/go.mod h1:HSz+uSET+XFnRR8LxR5pz3Of3rY3CfYBVs4xY44aLks=
golang.org/x/oauth2 v0.0.0-20181120190819-8f65e3013eba h1:YDkOrzGLLYybtuP6ZgebnO4OWYEYVMFSniazXsxrFN8=
golang.org/x/oauth2 v0.0.0-20181120190819-8f65e3013eba/go.mod h1:N/0e6XlmueqKjAGxoOufVs8QHGRruUQn6yWY3a++T0U=
golang.org/x/sys v0.0.0-20190215142949-d0b11bdaac8a h1:1BGLXjeY4akVXGgbC9HugT3Jv3hCI0z56oJR5vAMgBU=
golang.org/x/sys v0.0.0-20190215142949-d0b11bdaac8a/go.mod h1:STP8DvDyc/dI5b8T5hshtkjS+E42TnysNCUPdjciGhY=
golang.org/x/text v0.3.0/go.mod h1:NqM8EUOU14njkJ3fqMW+pc6Ldnwhi/IjpwHt7yyuwOQ=
golang.org/x/text v0.3.2/go.mod h1:bEr9sfX3Q8Zfm5fL9x+3itogRgK3+ptLWKqgva+5dAk=
golang.org/x/tools v0.0.0-20180917221912-90fa682c2a6e/go.mod h1:n7NCudcB/nEzxVGmLbDWY5pfWTLqBcC2KZ6jyYvM4mQ=
google.golang.org/appengine v1.6.5 h1:tycE03LOZYQNhDpS27tcQdAzLCVMaj7QT2SXxebnpCM=
google.golang.org/appengine v1.6.5/go.mod h1:8WjMMxjGQR8xUklV/ARdw2HLXBOI7O7uCIDZVag1xfc=
